
Microsoft Visual Studio Solution File, Format Version 12.00
# Visual Studio 14
VisualStudioVersion = 14.0.22129.1
MinimumVisualStudioVersion = 10.0.40219.1
Project("{FAE04EC0-301F-11D3-BF4B-00C04F79EFBC}") = "GZipCompressor", "Compressor\GZipCompressor.csproj", "{7504B494-A386-45AA-B0A9-B2876897BFB9}"
EndProject
Project("{FAE04EC0-301F-11D3-BF4B-00C04F79EFBC}") = "GZipCompressor.Tests", "Compressor.Tests\GZipCompressor.Tests.csproj", "{1EC967D7-EA77-491D-8186-E643805037E7}"
EndProject
Global
	GlobalSection(SolutionConfigurationPlatforms) = preSolution
		Debug|Any CPU = Debug|Any CPU
		Release|Any CPU = Release|Any CPU
	EndGlobalSection
	GlobalSection(ProjectConfigurationPlatforms) = postSolution
		{7504B494-A386-45AA-B0A9-B2876897BFB9}.Debug|Any CPU.ActiveCfg = Debug|Any CPU
		{7504B494-A386-45AA-B0A9-B2876897BFB9}.Debug|Any CPU.Build.0 = Debug|Any CPU
		{7504B494-A386-45AA-B0A9-B2876897BFB9}.Release|Any CPU.ActiveCfg = Release|Any CPU
		{7504B494-A386-45AA-B0A9-B2876897BFB9}.Release|Any CPU.Build.0 = Release|Any CPU
		{1EC967D7-EA77-491D-8186-E643805037E7}.Debug|Any CPU.ActiveCfg = Debug|Any CPU
		{1EC967D7-EA77-491D-8186-E643805037E7}.Debug|Any CPU.Build.0 = Debug|Any CPU
		{1EC967D7-EA77-491D-8186-E643805037E7}.Release|Any CPU.ActiveCfg = Release|Any CPU
		{1EC967D7-EA77-491D-8186-E643805037E7}.Release|Any CPU.Build.0 = Release|Any CPU
	EndGlobalSection
	GlobalSection(SolutionProperties) = preSolution
		HideSolutionNode = FALSE
	EndGlobalSection
EndGlobal
